
Microsoft Visual Studio Solution File, Format Version 12.00
# Visual Studio Version 17
VisualStudioVersion = 17.9.34622.214
MinimumVisualStudioVersion = 10.0.40219.1
Project("{FAE04EC0-301F-11D3-BF4B-00C04F79EFBC}") = "KeyExplorer.Infrastructure", "KeyExplorer.Infrastructure\KeyExplorer.Infrastructure.csproj", "{676296A4-0F19-41CC-9A0D-5563BCD11316}"
EndProject
Project("{FAE04EC0-301F-11D3-BF4B-00C04F79EFBC}") = "KeyExplorer.Domain", "KeyExplorer.Domain\KeyExplorer.Domain.csproj", "{DED14AAA-9ED3-4B2E-94B2-6A7047542562}"
EndProject
Project("{FAE04EC0-301F-11D3-BF4B-00C04F79EFBC}") = "KeyExplorer.View", "KeyExplorer.View\KeyExplorer.View.csproj", "{5031BDE4-79BC-4F82-9EF7-6CFDD95ED25D}"
EndProject
Project("{FAE04EC0-301F-11D3-BF4B-00C04F79EFBC}") = "KeyExplorerTest.Tests", "KeyExplorerTest.Tests\KeyExplorerTest.Tests.csproj", "{A0EFC7A2-0B2C-4488-A2BB-9E26C429DA26}"
EndProject
Global
	GlobalSection(SolutionConfigurationPlatforms) = preSolution
		Debug|Any CPU = Debug|Any CPU
		Release|Any CPU = Release|Any CPU
	EndGlobalSection
	GlobalSection(ProjectConfigurationPlatforms) = postSolution
		{676296A4-0F19-41CC-9A0D-5563BCD11316}.Debug|Any CPU.ActiveCfg = Debug|Any CPU
		{676296A4-0F19-41CC-9A0D-5563BCD11316}.Debug|Any CPU.Build.0 = Debug|Any CPU
		{676296A4-0F19-41CC-9A0D-5563BCD11316}.Release|Any CPU.ActiveCfg = Release|Any CPU
		{676296A4-0F19-41CC-9A0D-5563BCD11316}.Release|Any CPU.Build.0 = Release|Any CPU
		{DED14AAA-9ED3-4B2E-94B2-6A7047542562}.Debug|Any CPU.ActiveCfg = Debug|Any CPU
		{DED14AAA-9ED3-4B2E-94B2-6A7047542562}.Debug|Any CPU.Build.0 = Debug|Any CPU
		{DED14AAA-9ED3-4B2E-94B2-6A7047542562}.Release|Any CPU.ActiveCfg = Release|Any CPU
		{DED14AAA-9ED3-4B2E-94B2-6A7047542562}.Release|Any CPU.Build.0 = Release|Any CPU
		{5031BDE4-79BC-4F82-9EF7-6CFDD95ED25D}.Debug|Any CPU.ActiveCfg = Debug|Any CPU
		{5031BDE4-79BC-4F82-9EF7-6CFDD95ED25D}.Debug|Any CPU.Build.0 = Debug|Any CPU
		{5031BDE4-79BC-4F82-9EF7-6CFDD95ED25D}.Release|Any CPU.ActiveCfg = Release|Any CPU
		{5031BDE4-79BC-4F82-9EF7-6CFDD95ED25D}.Release|Any CPU.Build.0 = Release|Any CPU
		{A0EFC7A2-0B2C-4488-A2BB-9E26C429DA26}.Debug|Any CPU.ActiveCfg = Debug|Any CPU
		{A0EFC7A2-0B2C-4488-A2BB-9E26C429DA26}.Debug|Any CPU.Build.0 = Debug|Any CPU
		{A0EFC7A2-0B2C-4488-A2BB-9E26C429DA26}.Release|Any CPU.ActiveCfg = Release|Any CPU
		{A0EFC7A2-0B2C-4488-A2BB-9E26C429DA26}.Release|Any CPU.Build.0 = Release|Any CPU
	EndGlobalSection
	GlobalSection(SolutionProperties) = preSolution
		HideSolutionNode = FALSE
	EndGlobalSection
	GlobalSection(ExtensibilityGlobals) = postSolution
		SolutionGuid = {0CA16CB3-2CA1-430B-AC8C-6D4B2DEBCAC7}
	EndGlobalSection
EndGlobal
