
Microsoft Visual Studio Solution File, Format Version 12.00
# Visual Studio Version 17
VisualStudioVersion = 17.9.34622.214
MinimumVisualStudioVersion = 10.0.40219.1
Project("{FAE04EC0-301F-11D3-BF4B-00C04F79EFBC}") = "KeyExplorer", "KeyExplorer\KeyExplorer.csproj", "{87FD8AA9-D1D0-4178-B6F0-C510CE3ED176}"
EndProject
Global
	GlobalSection(SolutionConfigurationPlatforms) = preSolution
		Debug|Any CPU = Debug|Any CPU
		Release|Any CPU = Release|Any CPU
	EndGlobalSection
	GlobalSection(ProjectConfigurationPlatforms) = postSolution
		{87FD8AA9-D1D0-4178-B6F0-C510CE3ED176}.Debug|Any CPU.ActiveCfg = Debug|Any CPU
		{87FD8AA9-D1D0-4178-B6F0-C510CE3ED176}.Debug|Any CPU.Build.0 = Debug|Any CPU
		{87FD8AA9-D1D0-4178-B6F0-C510CE3ED176}.Release|Any CPU.ActiveCfg = Release|Any CPU
		{87FD8AA9-D1D0-4178-B6F0-C510CE3ED176}.Release|Any CPU.Build.0 = Release|Any CPU
	EndGlobalSection
	GlobalSection(SolutionProperties) = preSolution
		HideSolutionNode = FALSE
	EndGlobalSection
	GlobalSection(ExtensibilityGlobals) = postSolution
		SolutionGuid = {0CA16CB3-2CA1-430B-AC8C-6D4B2DEBCAC7}
	EndGlobalSection
EndGlobal
